// !$*UTF8*$!
{
	archiveVersion = 1;
	classes = {
	};
	objectVersion = 56;
	objects = {

/* Begin PBXBuildFile section */
		28BEB5642C09F64B00A22827 /* main.cpp in Sources */ = {isa = PBXBuildFile; fileRef = 28BEB5632C09F64B00A22827 /* main.cpp */; };
		28BEB5712C09F65D00A22827 /* main.cpp in Sources */ = {isa = PBXBuildFile; fileRef = 28BEB5702C09F65D00A22827 /* main.cpp */; };
		28BEB57C2C09F70300A22827 /* main.cpp in Sources */ = {isa = PBXBuildFile; fileRef = 28BEB57B2C09F70300A22827 /* main.cpp */; };
		28BEB5872C09FA3000A22827 /* main.cpp in Sources */ = {isa = PBXBuildFile; fileRef = 28BEB5862C09FA3000A22827 /* main.cpp */; };
		28BEB5922C09FB2600A22827 /* main.cpp in Sources */ = {isa = PBXBuildFile; fileRef = 28BEB5912C09FB2600A22827 /* main.cpp */; };
		28BEB59D2C09FD3600A22827 /* main.cpp in Sources */ = {isa = PBXBuildFile; fileRef = 28BEB59C2C09FD3600A22827 /* main.cpp */; };
		28BEB5A82C09FE4500A22827 /* main.cpp in Sources */ = {isa = PBXBuildFile; fileRef = 28BEB5A72C09FE4500A22827 /* main.cpp */; };
		28BEB5B32C09FEFD00A22827 /* main.cpp in Sources */ = {isa = PBXBuildFile; fileRef = 28BEB5B22C09FEFD00A22827 /* main.cpp */; };
		28BEB5BE2C0A082800A22827 /* main.cpp in Sources */ = {isa = PBXBuildFile; fileRef = 28BEB5BD2C0A082800A22827 /* main.cpp */; };
		28BEB5C92C0A210600A22827 /* main.cpp in Sources */ = {isa = PBXBuildFile; fileRef = 28BEB5C82C0A210600A22827 /* main.cpp */; };
		28BEB5D42C0A21D800A22827 /* main.cpp in Sources */ = {isa = PBXBuildFile; fileRef = 28BEB5D32C0A21D800A22827 /* main.cpp */; };
/* End PBXBuildFile section */

/* Begin PBXCopyFilesBuildPhase section */
		28BEB55E2C09F64B00A22827 /* CopyFiles */ = {
			isa = PBXCopyFilesBuildPhase;
			buildActionMask = 2147483647;
			dstPath = /usr/share/man/man1/;
			dstSubfolderSpec = 0;
			files = (
			);
			runOnlyForDeploymentPostprocessing = 1;
		};
		28BEB56C2C09F65D00A22827 /* CopyFiles */ = {
			isa = PBXCopyFilesBuildPhase;
			buildActionMask = 2147483647;
			dstPath = /usr/share/man/man1/;
			dstSubfolderSpec = 0;
			files = (
			);
			runOnlyForDeploymentPostprocessing = 1;
		};
		28BEB5772C09F70300A22827 /* CopyFiles */ = {
			isa = PBXCopyFilesBuildPhase;
			buildActionMask = 2147483647;
			dstPath = /usr/share/man/man1/;
			dstSubfolderSpec = 0;
			files = (
			);
			runOnlyForDeploymentPostprocessing = 1;
		};
		28BEB5822C09FA3000A22827 /* CopyFiles */ = {
			isa = PBXCopyFilesBuildPhase;
			buildActionMask = 2147483647;
			dstPath = /usr/share/man/man1/;
			dstSubfolderSpec = 0;
			files = (
			);
			runOnlyForDeploymentPostprocessing = 1;
		};
		28BEB58D2C09FB2600A22827 /* CopyFiles */ = {
			isa = PBXCopyFilesBuildPhase;
			buildActionMask = 2147483647;
			dstPath = /usr/share/man/man1/;
			dstSubfolderSpec = 0;
			files = (
			);
			runOnlyForDeploymentPostprocessing = 1;
		};
		28BEB5982C09FD3600A22827 /* CopyFiles */ = {
			isa = PBXCopyFilesBuildPhase;
			buildActionMask = 2147483647;
			dstPath = /usr/share/man/man1/;
			dstSubfolderSpec = 0;
			files = (
			);
			runOnlyForDeploymentPostprocessing = 1;
		};
		28BEB5A32C09FE4500A22827 /* CopyFiles */ = {
			isa = PBXCopyFilesBuildPhase;
			buildActionMask = 2147483647;
			dstPath = /usr/share/man/man1/;
			dstSubfolderSpec = 0;
			files = (
			);
			runOnlyForDeploymentPostprocessing = 1;
		};
		28BEB5AE2C09FEFD00A22827 /* CopyFiles */ = {
			isa = PBXCopyFilesBuildPhase;
			buildActionMask = 2147483647;
			dstPath = /usr/share/man/man1/;
			dstSubfolderSpec = 0;
			files = (
			);
			runOnlyForDeploymentPostprocessing = 1;
		};
		28BEB5B92C0A082800A22827 /* CopyFiles */ = {
			isa = PBXCopyFilesBuildPhase;
			buildActionMask = 2147483647;
			dstPath = /usr/share/man/man1/;
			dstSubfolderSpec = 0;
			files = (
			);
			runOnlyForDeploymentPostprocessing = 1;
		};
		28BEB5C42C0A210600A22827 /* CopyFiles */ = {
			isa = PBXCopyFilesBuildPhase;
			buildActionMask = 2147483647;
			dstPath = /usr/share/man/man1/;
			dstSubfolderSpec = 0;
			files = (
			);
			runOnlyForDeploymentPostprocessing = 1;
		};
		28BEB5CF2C0A21D800A22827 /* CopyFiles */ = {
			isa = PBXCopyFilesBuildPhase;
			buildActionMask = 2147483647;
			dstPath = /usr/share/man/man1/;
			dstSubfolderSpec = 0;
			files = (
			);
			runOnlyForDeploymentPostprocessing = 1;
		};
/* End PBXCopyFilesBuildPhase section */

/* Begin PBXFileReference section */
		28BEB5602C09F64B00A22827 /* CPP Basic */ = {isa = PBXFileReference; explicitFileType = "compiled.mach-o.executable"; includeInIndex = 0; path = "CPP Basic"; sourceTree = BUILT_PRODUCTS_DIR; };
		28BEB5632C09F64B00A22827 /* main.cpp */ = {isa = PBXFileReference; lastKnownFileType = sourcecode.cpp.cpp; path = main.cpp; sourceTree = "<group>"; };
		28BEB56E2C09F65D00A22827 /* Variables */ = {isa = PBXFileReference; explicitFileType = "compiled.mach-o.executable"; includeInIndex = 0; path = Variables; sourceTree = BUILT_PRODUCTS_DIR; };
		28BEB5702C09F65D00A22827 /* main.cpp */ = {isa = PBXFileReference; lastKnownFileType = sourcecode.cpp.cpp; path = main.cpp; sourceTree = "<group>"; };
		28BEB5792C09F70300A22827 /* Control Structures */ = {isa = PBXFileReference; explicitFileType = "compiled.mach-o.executable"; includeInIndex = 0; path = "Control Structures"; sourceTree = BUILT_PRODUCTS_DIR; };
		28BEB57B2C09F70300A22827 /* main.cpp */ = {isa = PBXFileReference; lastKnownFileType = sourcecode.cpp.cpp; path = main.cpp; sourceTree = "<group>"; };
		28BEB5842C09FA3000A22827 /* Functions */ = {isa = PBXFileReference; explicitFileType = "compiled.mach-o.executable"; includeInIndex = 0; path = Functions; sourceTree = BUILT_PRODUCTS_DIR; };
		28BEB5862C09FA3000A22827 /* main.cpp */ = {isa = PBXFileReference; lastKnownFileType = sourcecode.cpp.cpp; path = main.cpp; sourceTree = "<group>"; };
		28BEB58F2C09FB2600A22827 /* Classes */ = {isa = PBXFileReference; explicitFileType = "compiled.mach-o.executable"; includeInIndex = 0; path = Classes; sourceTree = BUILT_PRODUCTS_DIR; };
		28BEB5912C09FB2600A22827 /* main.cpp */ = {isa = PBXFileReference; lastKnownFileType = sourcecode.cpp.cpp; path = main.cpp; sourceTree = "<group>"; };
		28BEB59A2C09FD3600A22827 /* String */ = {isa = PBXFileReference; explicitFileType = "compiled.mach-o.executable"; includeInIndex = 0; path = String; sourceTree = BUILT_PRODUCTS_DIR; };
		28BEB59C2C09FD3600A22827 /* main.cpp */ = {isa = PBXFileReference; lastKnownFileType = sourcecode.cpp.cpp; path = main.cpp; sourceTree = "<group>"; };
		28BEB5A52C09FE4500A22827 /* Array */ = {isa = PBXFileReference; explicitFileType = "compiled.mach-o.executable"; includeInIndex = 0; path = Array; sourceTree = BUILT_PRODUCTS_DIR; };
		28BEB5A72C09FE4500A22827 /* main.cpp */ = {isa = PBXFileReference; lastKnownFileType = sourcecode.cpp.cpp; path = main.cpp; sourceTree = "<group>"; };
		28BEB5B02C09FEFD00A22827 /* Input */ = {isa = PBXFileReference; explicitFileType = "compiled.mach-o.executable"; includeInIndex = 0; path = Input; sourceTree = BUILT_PRODUCTS_DIR; };
		28BEB5B22C09FEFD00A22827 /* main.cpp */ = {isa = PBXFileReference; lastKnownFileType = sourcecode.cpp.cpp; path = main.cpp; sourceTree = "<group>"; };
		28BEB5BB2C0A082800A22827 /* Pointer */ = {isa = PBXFileReference; explicitFileType = "compiled.mach-o.executable"; includeInIndex = 0; path = Pointer; sourceTree = BUILT_PRODUCTS_DIR; };
		28BEB5BD2C0A082800A22827 /* main.cpp */ = {isa = PBXFileReference; lastKnownFileType = sourcecode.cpp.cpp; path = main.cpp; sourceTree = "<group>"; };
		28BEB5C62C0A210600A22827 /* Structures */ = {isa = PBXFileReference; explicitFileType = "compiled.mach-o.executable"; includeInIndex = 0; path = Structures; sourceTree = BUILT_PRODUCTS_DIR; };
		28BEB5C82C0A210600A22827 /* main.cpp */ = {isa = PBXFileReference; lastKnownFileType = sourcecode.cpp.cpp; path = main.cpp; sourceTree = "<group>"; };
		28BEB5D12C0A21D800A22827 /* Enumeration */ = {isa = PBXFileReference; explicitFileType = "compiled.mach-o.executable"; includeInIndex = 0; path = Enumeration; sourceTree = BUILT_PRODUCTS_DIR; };
		28BEB5D32C0A21D800A22827 /* main.cpp */ = {isa = PBXFileReference; lastKnownFileType = sourcecode.cpp.cpp; path = main.cpp; sourceTree = "<group>"; };
/* End PBXFileReference section */

/* Begin PBXFrameworksBuildPhase section */
		28BEB55D2C09F64B00A22827 /* Frameworks */ = {
			isa = PBXFrameworksBuildPhase;
			buildActionMask = 2147483647;
			files = (
			);
			runOnlyForDeploymentPostprocessing = 0;
		};
		28BEB56B2C09F65D00A22827 /* Frameworks */ = {
			isa = PBXFrameworksBuildPhase;
			buildActionMask = 2147483647;
			files = (
			);
			runOnlyForDeploymentPostprocessing = 0;
		};
		28BEB5762C09F70300A22827 /* Frameworks */ = {
			isa = PBXFrameworksBuildPhase;
			buildActionMask = 2147483647;
			files = (
			);
			runOnlyForDeploymentPostprocessing = 0;
		};
		28BEB5812C09FA3000A22827 /* Frameworks */ = {
			isa = PBXFrameworksBuildPhase;
			buildActionMask = 2147483647;
			files = (
			);
			runOnlyForDeploymentPostprocessing = 0;
		};
		28BEB58C2C09FB2600A22827 /* Frameworks */ = {
			isa = PBXFrameworksBuildPhase;
			buildActionMask = 2147483647;
			files = (
			);
			runOnlyForDeploymentPostprocessing = 0;
		};
		28BEB5972C09FD3600A22827 /* Frameworks */ = {
			isa = PBXFrameworksBuildPhase;
			buildActionMask = 2147483647;
			files = (
			);
			runOnlyForDeploymentPostprocessing = 0;
		};
		28BEB5A22C09FE4500A22827 /* Frameworks */ = {
			isa = PBXFrameworksBuildPhase;
			buildActionMask = 2147483647;
			files = (
			);
			runOnlyForDeploymentPostprocessing = 0;
		};
		28BEB5AD2C09FEFD00A22827 /* Frameworks */ = {
			isa = PBXFrameworksBuildPhase;
			buildActionMask = 2147483647;
			files = (
			);
			runOnlyForDeploymentPostprocessing = 0;
		};
		28BEB5B82C0A082800A22827 /* Frameworks */ = {
			isa = PBXFrameworksBuildPhase;
			buildActionMask = 2147483647;
			files = (
			);
			runOnlyForDeploymentPostprocessing = 0;
		};
		28BEB5C32C0A210600A22827 /* Frameworks */ = {
			isa = PBXFrameworksBuildPhase;
			buildActionMask = 2147483647;
			files = (
			);
			runOnlyForDeploymentPostprocessing = 0;
		};
		28BEB5CE2C0A21D800A22827 /* Frameworks */ = {
			isa = PBXFrameworksBuildPhase;
			buildActionMask = 2147483647;
			files = (
			);
			runOnlyForDeploymentPostprocessing = 0;
		};
/* End PBXFrameworksBuildPhase section */

/* Begin PBXGroup section */
		28BEB5572C09F64B00A22827 = {
			isa = PBXGroup;
			children = (
				28BEB5622C09F64B00A22827 /* CPP Basic */,
				28BEB56F2C09F65D00A22827 /* Variables */,
				28BEB57A2C09F70300A22827 /* Control Structures */,
				28BEB5852C09FA3000A22827 /* Functions */,
				28BEB59B2C09FD3600A22827 /* String */,
				28BEB5902C09FB2600A22827 /* Classes */,
				28BEB5A62C09FE4500A22827 /* Array */,
				28BEB5B12C09FEFD00A22827 /* Input */,
				28BEB5BC2C0A082800A22827 /* Pointer */,
				28BEB5C72C0A210600A22827 /* Structures */,
				28BEB5D22C0A21D800A22827 /* Enumeration */,
				28BEB5612C09F64B00A22827 /* Products */,
			);
			sourceTree = "<group>";
		};
		28BEB5612C09F64B00A22827 /* Products */ = {
			isa = PBXGroup;
			children = (
				28BEB5602C09F64B00A22827 /* CPP Basic */,
				28BEB56E2C09F65D00A22827 /* Variables */,
				28BEB5792C09F70300A22827 /* Control Structures */,
				28BEB5842C09FA3000A22827 /* Functions */,
				28BEB58F2C09FB2600A22827 /* Classes */,
				28BEB59A2C09FD3600A22827 /* String */,
				28BEB5A52C09FE4500A22827 /* Array */,
				28BEB5B02C09FEFD00A22827 /* Input */,
				28BEB5BB2C0A082800A22827 /* Pointer */,
				28BEB5C62C0A210600A22827 /* Structures */,
				28BEB5D12C0A21D800A22827 /* Enumeration */,
			);
			name = Products;
			sourceTree = "<group>";
		};
		28BEB5622C09F64B00A22827 /* CPP Basic */ = {
			isa = PBXGroup;
			children = (
				28BEB5632C09F64B00A22827 /* main.cpp */,
			);
			path = "CPP Basic";
			sourceTree = "<group>";
		};
		28BEB56F2C09F65D00A22827 /* Variables */ = {
			isa = PBXGroup;
			children = (
				28BEB5702C09F65D00A22827 /* main.cpp */,
			);
			path = Variables;
			sourceTree = "<group>";
		};
		28BEB57A2C09F70300A22827 /* Control Structures */ = {
			isa = PBXGroup;
			children = (
				28BEB57B2C09F70300A22827 /* main.cpp */,
			);
			path = "Control Structures";
			sourceTree = "<group>";
		};
		28BEB5852C09FA3000A22827 /* Functions */ = {
			isa = PBXGroup;
			children = (
				28BEB5862C09FA3000A22827 /* main.cpp */,
			);
			path = Functions;
			sourceTree = "<group>";
		};
		28BEB5902C09FB2600A22827 /* Classes */ = {
			isa = PBXGroup;
			children = (
				28BEB5912C09FB2600A22827 /* main.cpp */,
			);
			path = Classes;
			sourceTree = "<group>";
		};
		28BEB59B2C09FD3600A22827 /* String */ = {
			isa = PBXGroup;
			children = (
				28BEB59C2C09FD3600A22827 /* main.cpp */,
			);
			path = String;
			sourceTree = "<group>";
		};
		28BEB5A62C09FE4500A22827 /* Array */ = {
			isa = PBXGroup;
			children = (
				28BEB5A72C09FE4500A22827 /* main.cpp */,
			);
			path = Array;
			sourceTree = "<group>";
		};
		28BEB5B12C09FEFD00A22827 /* Input */ = {
			isa = PBXGroup;
			children = (
				28BEB5B22C09FEFD00A22827 /* main.cpp */,
			);
			path = Input;
			sourceTree = "<group>";
		};
		28BEB5BC2C0A082800A22827 /* Pointer */ = {
			isa = PBXGroup;
			children = (
				28BEB5BD2C0A082800A22827 /* main.cpp */,
			);
			path = Pointer;
			sourceTree = "<group>";
		};
		28BEB5C72C0A210600A22827 /* Structures */ = {
			isa = PBXGroup;
			children = (
				28BEB5C82C0A210600A22827 /* main.cpp */,
			);
			path = Structures;
			sourceTree = "<group>";
		};
		28BEB5D22C0A21D800A22827 /* Enumeration */ = {
			isa = PBXGroup;
			children = (
				28BEB5D32C0A21D800A22827 /* main.cpp */,
			);
			path = Enumeration;
			sourceTree = "<group>";
		};
/* End PBXGroup section */

/* Begin PBXNativeTarget section */
		28BEB55F2C09F64B00A22827 /* CPP Basic */ = {
			isa = PBXNativeTarget;
			buildConfigurationList = 28BEB5672C09F64B00A22827 /* Build configuration list for PBXNativeTarget "CPP Basic" */;
			buildPhases = (
				28BEB55C2C09F64B00A22827 /* Sources */,
				28BEB55D2C09F64B00A22827 /* Frameworks */,
				28BEB55E2C09F64B00A22827 /* CopyFiles */,
			);
			buildRules = (
			);
			dependencies = (
			);
			name = "CPP Basic";
			productName = "CPP Basic";
			productReference = 28BEB5602C09F64B00A22827 /* CPP Basic */;
			productType = "com.apple.product-type.tool";
		};
		28BEB56D2C09F65D00A22827 /* Variables */ = {
			isa = PBXNativeTarget;
			buildConfigurationList = 28BEB5722C09F65D00A22827 /* Build configuration list for PBXNativeTarget "Variables" */;
			buildPhases = (
				28BEB56A2C09F65D00A22827 /* Sources */,
				28BEB56B2C09F65D00A22827 /* Frameworks */,
				28BEB56C2C09F65D00A22827 /* CopyFiles */,
			);
			buildRules = (
			);
			dependencies = (
			);
			name = Variables;
			productName = Variables;
			productReference = 28BEB56E2C09F65D00A22827 /* Variables */;
			productType = "com.apple.product-type.tool";
		};
		28BEB5782C09F70300A22827 /* Control Structures */ = {
			isa = PBXNativeTarget;
			buildConfigurationList = 28BEB57D2C09F70300A22827 /* Build configuration list for PBXNativeTarget "Control Structures" */;
			buildPhases = (
				28BEB5752C09F70300A22827 /* Sources */,
				28BEB5762C09F70300A22827 /* Frameworks */,
				28BEB5772C09F70300A22827 /* CopyFiles */,
			);
			buildRules = (
			);
			dependencies = (
			);
			name = "Control Structures";
			productName = "Control Structures";
			productReference = 28BEB5792C09F70300A22827 /* Control Structures */;
			productType = "com.apple.product-type.tool";
		};
		28BEB5832C09FA3000A22827 /* Functions */ = {
			isa = PBXNativeTarget;
			buildConfigurationList = 28BEB5882C09FA3000A22827 /* Build configuration list for PBXNativeTarget "Functions" */;
			buildPhases = (
				28BEB5802C09FA3000A22827 /* Sources */,
				28BEB5812C09FA3000A22827 /* Frameworks */,
				28BEB5822C09FA3000A22827 /* CopyFiles */,
			);
			buildRules = (
			);
			dependencies = (
			);
			name = Functions;
			productName = Functions;
			productReference = 28BEB5842C09FA3000A22827 /* Functions */;
			productType = "com.apple.product-type.tool";
		};
		28BEB58E2C09FB2600A22827 /* Classes */ = {
			isa = PBXNativeTarget;
			buildConfigurationList = 28BEB5932C09FB2600A22827 /* Build configuration list for PBXNativeTarget "Classes" */;
			buildPhases = (
				28BEB58B2C09FB2600A22827 /* Sources */,
				28BEB58C2C09FB2600A22827 /* Frameworks */,
				28BEB58D2C09FB2600A22827 /* CopyFiles */,
			);
			buildRules = (
			);
			dependencies = (
			);
			name = Classes;
			productName = Classes;
			productReference = 28BEB58F2C09FB2600A22827 /* Classes */;
			productType = "com.apple.product-type.tool";
		};
		28BEB5992C09FD3600A22827 /* String */ = {
			isa = PBXNativeTarget;
			buildConfigurationList = 28BEB59E2C09FD3600A22827 /* Build configuration list for PBXNativeTarget "String" */;
			buildPhases = (
				28BEB5962C09FD3600A22827 /* Sources */,
				28BEB5972C09FD3600A22827 /* Frameworks */,
				28BEB5982C09FD3600A22827 /* CopyFiles */,
			);
			buildRules = (
			);
			dependencies = (
			);
			name = String;
			productName = String;
			productReference = 28BEB59A2C09FD3600A22827 /* String */;
			productType = "com.apple.product-type.tool";
		};
		28BEB5A42C09FE4500A22827 /* Array */ = {
			isa = PBXNativeTarget;
			buildConfigurationList = 28BEB5A92C09FE4500A22827 /* Build configuration list for PBXNativeTarget "Array" */;
			buildPhases = (
				28BEB5A12C09FE4500A22827 /* Sources */,
				28BEB5A22C09FE4500A22827 /* Frameworks */,
				28BEB5A32C09FE4500A22827 /* CopyFiles */,
			);
			buildRules = (
			);
			dependencies = (
			);
			name = Array;
			productName = Array;
			productReference = 28BEB5A52C09FE4500A22827 /* Array */;
			productType = "com.apple.product-type.tool";
		};
		28BEB5AF2C09FEFD00A22827 /* Input */ = {
			isa = PBXNativeTarget;
			buildConfigurationList = 28BEB5B42C09FEFD00A22827 /* Build configuration list for PBXNativeTarget "Input" */;
			buildPhases = (
				28BEB5AC2C09FEFD00A22827 /* Sources */,
				28BEB5AD2C09FEFD00A22827 /* Frameworks */,
				28BEB5AE2C09FEFD00A22827 /* CopyFiles */,
			);
			buildRules = (
			);
			dependencies = (
			);
			name = Input;
			productName = Input;
			productReference = 28BEB5B02C09FEFD00A22827 /* Input */;
			productType = "com.apple.product-type.tool";
		};
		28BEB5BA2C0A082800A22827 /* Pointer */ = {
			isa = PBXNativeTarget;
			buildConfigurationList = 28BEB5BF2C0A082800A22827 /* Build configuration list for PBXNativeTarget "Pointer" */;
			buildPhases = (
				28BEB5B72C0A082800A22827 /* Sources */,
				28BEB5B82C0A082800A22827 /* Frameworks */,
				28BEB5B92C0A082800A22827 /* CopyFiles */,
			);
			buildRules = (
			);
			dependencies = (
			);
			name = Pointer;
			productName = Pointer;
			productReference = 28BEB5BB2C0A082800A22827 /* Pointer */;
			productType = "com.apple.product-type.tool";
		};
		28BEB5C52C0A210600A22827 /* Structures */ = {
			isa = PBXNativeTarget;
			buildConfigurationList = 28BEB5CA2C0A210600A22827 /* Build configuration list for PBXNativeTarget "Structures" */;
			buildPhases = (
				28BEB5C22C0A210600A22827 /* Sources */,
				28BEB5C32C0A210600A22827 /* Frameworks */,
				28BEB5C42C0A210600A22827 /* CopyFiles */,
			);
			buildRules = (
			);
			dependencies = (
			);
			name = Structures;
			productName = Structures;
			productReference = 28BEB5C62C0A210600A22827 /* Structures */;
			productType = "com.apple.product-type.tool";
		};
		28BEB5D02C0A21D800A22827 /* Enumeration */ = {
			isa = PBXNativeTarget;
			buildConfigurationList = 28BEB5D52C0A21D800A22827 /* Build configuration list for PBXNativeTarget "Enumeration" */;
			buildPhases = (
				28BEB5CD2C0A21D800A22827 /* Sources */,
				28BEB5CE2C0A21D800A22827 /* Frameworks */,
				28BEB5CF2C0A21D800A22827 /* CopyFiles */,
			);
			buildRules = (
			);
			dependencies = (
			);
			name = Enumeration;
			productName = Enumeration;
			productReference = 28BEB5D12C0A21D800A22827 /* Enumeration */;
			productType = "com.apple.product-type.tool";
		};
/* End PBXNativeTarget section */

/* Begin PBXProject section */
		28BEB5582C09F64B00A22827 /* Project object */ = {
			isa = PBXProject;
			attributes = {
				BuildIndependentTargetsInParallel = 1;
				LastUpgradeCheck = 1540;
				TargetAttributes = {
					28BEB55F2C09F64B00A22827 = {
						CreatedOnToolsVersion = 15.4;
					};
					28BEB56D2C09F65D00A22827 = {
						CreatedOnToolsVersion = 15.4;
					};
					28BEB5782C09F70300A22827 = {
						CreatedOnToolsVersion = 15.4;
					};
					28BEB5832C09FA3000A22827 = {
						CreatedOnToolsVersion = 15.4;
					};
					28BEB58E2C09FB2600A22827 = {
						CreatedOnToolsVersion = 15.4;
					};
					28BEB5992C09FD3600A22827 = {
						CreatedOnToolsVersion = 15.4;
					};
					28BEB5A42C09FE4500A22827 = {
						CreatedOnToolsVersion = 15.4;
					};
					28BEB5AF2C09FEFD00A22827 = {
						CreatedOnToolsVersion = 15.4;
					};
					28BEB5BA2C0A082800A22827 = {
						CreatedOnToolsVersion = 15.4;
					};
					28BEB5C52C0A210600A22827 = {
						CreatedOnToolsVersion = 15.4;
					};
					28BEB5D02C0A21D800A22827 = {
						CreatedOnToolsVersion = 15.4;
					};
				};
			};
			buildConfigurationList = 28BEB55B2C09F64B00A22827 /* Build configuration list for PBXProject "CPP Basic" */;
			compatibilityVersion = "Xcode 14.0";
			developmentRegion = en;
			hasScannedForEncodings = 0;
			knownRegions = (
				en,
				Base,
			);
			mainGroup = 28BEB5572C09F64B00A22827;
			productRefGroup = 28BEB5612C09F64B00A22827 /* Products */;
			projectDirPath = "";
			projectRoot = "";
			targets = (
				28BEB55F2C09F64B00A22827 /* CPP Basic */,
				28BEB56D2C09F65D00A22827 /* Variables */,
				28BEB5782C09F70300A22827 /* Control Structures */,
				28BEB5832C09FA3000A22827 /* Functions */,
				28BEB5992C09FD3600A22827 /* String */,
				28BEB58E2C09FB2600A22827 /* Classes */,
				28BEB5A42C09FE4500A22827 /* Array */,
				28BEB5AF2C09FEFD00A22827 /* Input */,
				28BEB5BA2C0A082800A22827 /* Pointer */,
				28BEB5C52C0A210600A22827 /* Structures */,
				28BEB5D02C0A21D800A22827 /* Enumeration */,
			);
		};
/* End PBXProject section */

/* Begin PBXSourcesBuildPhase section */
		28BEB55C2C09F64B00A22827 /* Sources */ = {
			isa = PBXSourcesBuildPhase;
			buildActionMask = 2147483647;
			files = (
				28BEB5642C09F64B00A22827 /* main.cpp in Sources */,
			);
			runOnlyForDeploymentPostprocessing = 0;
		};
		28BEB56A2C09F65D00A22827 /* Sources */ = {
			isa = PBXSourcesBuildPhase;
			buildActionMask = 2147483647;
			files = (
				28BEB5712C09F65D00A22827 /* main.cpp in Sources */,
			);
			runOnlyForDeploymentPostprocessing = 0;
		};
		28BEB5752C09F70300A22827 /* Sources */ = {
			isa = PBXSourcesBuildPhase;
			buildActionMask = 2147483647;
			files = (
				28BEB57C2C09F70300A22827 /* main.cpp in Sources */,
			);
			runOnlyForDeploymentPostprocessing = 0;
		};
		28BEB5802C09FA3000A22827 /* Sources */ = {
			isa = PBXSourcesBuildPhase;
			buildActionMask = 2147483647;
			files = (
				28BEB5872C09FA3000A22827 /* main.cpp in Sources */,
			);
			runOnlyForDeploymentPostprocessing = 0;
		};
		28BEB58B2C09FB2600A22827 /* Sources */ = {
			isa = PBXSourcesBuildPhase;
			buildActionMask = 2147483647;
			files = (
				28BEB5922C09FB2600A22827 /* main.cpp in Sources */,
			);
			runOnlyForDeploymentPostprocessing = 0;
		};
		28BEB5962C09FD3600A22827 /* Sources */ = {
			isa = PBXSourcesBuildPhase;
			buildActionMask = 2147483647;
			files = (
				28BEB59D2C09FD3600A22827 /* main.cpp in Sources */,
			);
			runOnlyForDeploymentPostprocessing = 0;
		};
		28BEB5A12C09FE4500A22827 /* Sources */ = {
			isa = PBXSourcesBuildPhase;
			buildActionMask = 2147483647;
			files = (
				28BEB5A82C09FE4500A22827 /* main.cpp in Sources */,
			);
			runOnlyForDeploymentPostprocessing = 0;
		};
		28BEB5AC2C09FEFD00A22827 /* Sources */ = {
			isa = PBXSourcesBuildPhase;
			buildActionMask = 2147483647;
			files = (
				28BEB5B32C09FEFD00A22827 /* main.cpp in Sources */,
			);
			runOnlyForDeploymentPostprocessing = 0;
		};
		28BEB5B72C0A082800A22827 /* Sources */ = {
			isa = PBXSourcesBuildPhase;
			buildActionMask = 2147483647;
			files = (
				28BEB5BE2C0A082800A22827 /* main.cpp in Sources */,
			);
			runOnlyForDeploymentPostprocessing = 0;
		};
		28BEB5C22C0A210600A22827 /* Sources */ = {
			isa = PBXSourcesBuildPhase;
			buildActionMask = 2147483647;
			files = (
				28BEB5C92C0A210600A22827 /* main.cpp in Sources */,
			);
			runOnlyForDeploymentPostprocessing = 0;
		};
		28BEB5CD2C0A21D800A22827 /* Sources */ = {
			isa = PBXSourcesBuildPhase;
			buildActionMask = 2147483647;
			files = (
				28BEB5D42C0A21D800A22827 /* main.cpp in Sources */,
			);
			runOnlyForDeploymentPostprocessing = 0;
		};
/* End PBXSourcesBuildPhase section */

/* Begin XCBuildConfiguration section */
		28BEB5652C09F64B00A22827 /* Debug */ = {
			isa = XCBuildConfiguration;
			buildSettings = {
				ALWAYS_SEARCH_USER_PATHS = NO;
				ASSETCATALOG_COMPILER_GENERATE_SWIFT_ASSET_SYMBOL_EXTENSIONS = YES;
				CLANG_ANALYZER_NONNULL = YES;
				CLANG_ANALYZER_NUMBER_OBJECT_CONVERSION = YES_AGGRESSIVE;
				CLANG_CXX_LANGUAGE_STANDARD = "gnu++20";
				CLANG_ENABLE_MODULES = YES;
				CLANG_ENABLE_OBJC_ARC = YES;
				CLANG_ENABLE_OBJC_WEAK = YES;
				CLANG_WARN_BLOCK_CAPTURE_AUTORELEASING = YES;
				CLANG_WARN_BOOL_CONVERSION = YES;
				CLANG_WARN_COMMA = YES;
				CLANG_WARN_CONSTANT_CONVERSION = YES;
				CLANG_WARN_DEPRECATED_OBJC_IMPLEMENTATIONS = YES;
				CLANG_WARN_DIRECT_OBJC_ISA_USAGE = YES_ERROR;
				CLANG_WARN_DOCUMENTATION_COMMENTS = YES;
				CLANG_WARN_EMPTY_BODY = YES;
				CLANG_WARN_ENUM_CONVERSION = YES;
				CLANG_WARN_INFINITE_RECURSION = YES;
				CLANG_WARN_INT_CONVERSION = YES;
				CLANG_WARN_NON_LITERAL_NULL_CONVERSION = YES;
				CLANG_WARN_OBJC_IMPLICIT_RETAIN_SELF = YES;
				CLANG_WARN_OBJC_LITERAL_CONVERSION = YES;
				CLANG_WARN_OBJC_ROOT_CLASS = YES_ERROR;
				CLANG_WARN_QUOTED_INCLUDE_IN_FRAMEWORK_HEADER = YES;
				CLANG_WARN_RANGE_LOOP_ANALYSIS = YES;
				CLANG_WARN_STRICT_PROTOTYPES = YES;
				CLANG_WARN_SUSPICIOUS_MOVE = YES;
				CLANG_WARN_UNGUARDED_AVAILABILITY = YES_AGGRESSIVE;
				CLANG_WARN_UNREACHABLE_CODE = YES;
				CLANG_WARN__DUPLICATE_METHOD_MATCH = YES;
				COPY_PHASE_STRIP = NO;
				DEBUG_INFORMATION_FORMAT = dwarf;
				ENABLE_STRICT_OBJC_MSGSEND = YES;
				ENABLE_TESTABILITY = YES;
				ENABLE_USER_SCRIPT_SANDBOXING = YES;
				GCC_C_LANGUAGE_STANDARD = gnu17;
				GCC_DYNAMIC_NO_PIC = NO;
				GCC_NO_COMMON_BLOCKS = YES;
				GCC_OPTIMIZATION_LEVEL = 0;
				GCC_PREPROCESSOR_DEFINITIONS = (
					"DEBUG=1",
					"$(inherited)",
				);
				GCC_WARN_64_TO_32_BIT_CONVERSION = YES;
				GCC_WARN_ABOUT_RETURN_TYPE = YES_ERROR;
				GCC_WARN_UNDECLARED_SELECTOR = YES;
				GCC_WARN_UNINITIALIZED_AUTOS = YES_AGGRESSIVE;
				GCC_WARN_UNUSED_FUNCTION = YES;
				GCC_WARN_UNUSED_VARIABLE = YES;
				LOCALIZATION_PREFERS_STRING_CATALOGS = YES;
				MACOSX_DEPLOYMENT_TARGET = 14.5;
				MTL_ENABLE_DEBUG_INFO = INCLUDE_SOURCE;
				MTL_FAST_MATH = YES;
				ONLY_ACTIVE_ARCH = YES;
				SDKROOT = macosx;
			};
			name = Debug;
		};
		28BEB5662C09F64B00A22827 /* Release */ = {
			isa = XCBuildConfiguration;
			buildSettings = {
				ALWAYS_SEARCH_USER_PATHS = NO;
				ASSETCATALOG_COMPILER_GENERATE_SWIFT_ASSET_SYMBOL_EXTENSIONS = YES;
				CLANG_ANALYZER_NONNULL = YES;
				CLANG_ANALYZER_NUMBER_OBJECT_CONVERSION = YES_AGGRESSIVE;
				CLANG_CXX_LANGUAGE_STANDARD = "gnu++20";
				CLANG_ENABLE_MODULES = YES;
				CLANG_ENABLE_OBJC_ARC = YES;
				CLANG_ENABLE_OBJC_WEAK = YES;
				CLANG_WARN_BLOCK_CAPTURE_AUTORELEASING = YES;
				CLANG_WARN_BOOL_CONVERSION = YES;
				CLANG_WARN_COMMA = YES;
				CLANG_WARN_CONSTANT_CONVERSION = YES;
				CLANG_WARN_DEPRECATED_OBJC_IMPLEMENTATIONS = YES;
				CLANG_WARN_DIRECT_OBJC_ISA_USAGE = YES_ERROR;
				CLANG_WARN_DOCUMENTATION_COMMENTS = YES;
				CLANG_WARN_EMPTY_BODY = YES;
				CLANG_WARN_ENUM_CONVERSION = YES;
				CLANG_WARN_INFINITE_RECURSION = YES;
				CLANG_WARN_INT_CONVERSION = YES;
				CLANG_WARN_NON_LITERAL_NULL_CONVERSION = YES;
				CLANG_WARN_OBJC_IMPLICIT_RETAIN_SELF = YES;
				CLANG_WARN_OBJC_LITERAL_CONVERSION = YES;
				CLANG_WARN_OBJC_ROOT_CLASS = YES_ERROR;
				CLANG_WARN_QUOTED_INCLUDE_IN_FRAMEWORK_HEADER = YES;
				CLANG_WARN_RANGE_LOOP_ANALYSIS = YES;
				CLANG_WARN_STRICT_PROTOTYPES = YES;
				CLANG_WARN_SUSPICIOUS_MOVE = YES;
				CLANG_WARN_UNGUARDED_AVAILABILITY = YES_AGGRESSIVE;
				CLANG_WARN_UNREACHABLE_CODE = YES;
				CLANG_WARN__DUPLICATE_METHOD_MATCH = YES;
				COPY_PHASE_STRIP = NO;
				DEBUG_INFORMATION_FORMAT = "dwarf-with-dsym";
				ENABLE_NS_ASSERTIONS = NO;
				ENABLE_STRICT_OBJC_MSGSEND = YES;
				ENABLE_USER_SCRIPT_SANDBOXING = YES;
				GCC_C_LANGUAGE_STANDARD = gnu17;
				GCC_NO_COMMON_BLOCKS = YES;
				GCC_WARN_64_TO_32_BIT_CONVERSION = YES;
				GCC_WARN_ABOUT_RETURN_TYPE = YES_ERROR;
				GCC_WARN_UNDECLARED_SELECTOR = YES;
				GCC_WARN_UNINITIALIZED_AUTOS = YES_AGGRESSIVE;
				GCC_WARN_UNUSED_FUNCTION = YES;
				GCC_WARN_UNUSED_VARIABLE = YES;
				LOCALIZATION_PREFERS_STRING_CATALOGS = YES;
				MACOSX_DEPLOYMENT_TARGET = 14.5;
				MTL_ENABLE_DEBUG_INFO = NO;
				MTL_FAST_MATH = YES;
				SDKROOT = macosx;
			};
			name = Release;
		};
		28BEB5682C09F64B00A22827 /* Debug */ = {
			isa = XCBuildConfiguration;
			buildSettings = {
				CODE_SIGN_STYLE = Automatic;
				DEVELOPMENT_TEAM = SVGXRR5RRA;
				ENABLE_HARDENED_RUNTIME = YES;
				PRODUCT_NAME = "$(TARGET_NAME)";
			};
			name = Debug;
		};
		28BEB5692C09F64B00A22827 /* Release */ = {
			isa = XCBuildConfiguration;
			buildSettings = {
				CODE_SIGN_STYLE = Automatic;
				DEVELOPMENT_TEAM = SVGXRR5RRA;
				ENABLE_HARDENED_RUNTIME = YES;
				PRODUCT_NAME = "$(TARGET_NAME)";
			};
			name = Release;
		};
		28BEB5732C09F65D00A22827 /* Debug */ = {
			isa = XCBuildConfiguration;
			buildSettings = {
				CODE_SIGN_STYLE = Automatic;
				DEVELOPMENT_TEAM = SVGXRR5RRA;
				ENABLE_HARDENED_RUNTIME = YES;
				PRODUCT_NAME = "$(TARGET_NAME)";
			};
			name = Debug;
		};
		28BEB5742C09F65D00A22827 /* Release */ = {
			isa = XCBuildConfiguration;
			buildSettings = {
				CODE_SIGN_STYLE = Automatic;
				DEVELOPMENT_TEAM = SVGXRR5RRA;
				ENABLE_HARDENED_RUNTIME = YES;
				PRODUCT_NAME = "$(TARGET_NAME)";
			};
			name = Release;
		};
		28BEB57E2C09F70300A22827 /* Debug */ = {
			isa = XCBuildConfiguration;
			buildSettings = {
				CODE_SIGN_STYLE = Automatic;
				DEVELOPMENT_TEAM = SVGXRR5RRA;
				ENABLE_HARDENED_RUNTIME = YES;
				PRODUCT_NAME = "$(TARGET_NAME)";
			};
			name = Debug;
		};
		28BEB57F2C09F70300A22827 /* Release */ = {
			isa = XCBuildConfiguration;
			buildSettings = {
				CODE_SIGN_STYLE = Automatic;
				DEVELOPMENT_TEAM = SVGXRR5RRA;
				ENABLE_HARDENED_RUNTIME = YES;
				PRODUCT_NAME = "$(TARGET_NAME)";
			};
			name = Release;
		};
		28BEB5892C09FA3000A22827 /* Debug */ = {
			isa = XCBuildConfiguration;
			buildSettings = {
				CODE_SIGN_STYLE = Automatic;
				DEVELOPMENT_TEAM = SVGXRR5RRA;
				ENABLE_HARDENED_RUNTIME = YES;
				PRODUCT_NAME = "$(TARGET_NAME)";
			};
			name = Debug;
		};
		28BEB58A2C09FA3000A22827 /* Release */ = {
			isa = XCBuildConfiguration;
			buildSettings = {
				CODE_SIGN_STYLE = Automatic;
				DEVELOPMENT_TEAM = SVGXRR5RRA;
				ENABLE_HARDENED_RUNTIME = YES;
				PRODUCT_NAME = "$(TARGET_NAME)";
			};
			name = Release;
		};
		28BEB5942C09FB2600A22827 /* Debug */ = {
			isa = XCBuildConfiguration;
			buildSettings = {
				CODE_SIGN_STYLE = Automatic;
				DEVELOPMENT_TEAM = SVGXRR5RRA;
				ENABLE_HARDENED_RUNTIME = YES;
				PRODUCT_NAME = "$(TARGET_NAME)";
			};
			name = Debug;
		};
		28BEB5952C09FB2600A22827 /* Release */ = {
			isa = XCBuildConfiguration;
			buildSettings = {
				CODE_SIGN_STYLE = Automatic;
				DEVELOPMENT_TEAM = SVGXRR5RRA;
				ENABLE_HARDENED_RUNTIME = YES;
				PRODUCT_NAME = "$(TARGET_NAME)";
			};
			name = Release;
		};
		28BEB59F2C09FD3600A22827 /* Debug */ = {
			isa = XCBuildConfiguration;
			buildSettings = {
				CODE_SIGN_STYLE = Automatic;
				DEVELOPMENT_TEAM = SVGXRR5RRA;
				ENABLE_HARDENED_RUNTIME = YES;
				PRODUCT_NAME = "$(TARGET_NAME)";
			};
			name = Debug;
		};
		28BEB5A02C09FD3600A22827 /* Release */ = {
			isa = XCBuildConfiguration;
			buildSettings = {
				CODE_SIGN_STYLE = Automatic;
				DEVELOPMENT_TEAM = SVGXRR5RRA;
				ENABLE_HARDENED_RUNTIME = YES;
				PRODUCT_NAME = "$(TARGET_NAME)";
			};
			name = Release;
		};
		28BEB5AA2C09FE4500A22827 /* Debug */ = {
			isa = XCBuildConfiguration;
			buildSettings = {
				CODE_SIGN_STYLE = Automatic;
				DEVELOPMENT_TEAM = SVGXRR5RRA;
				ENABLE_HARDENED_RUNTIME = YES;
				PRODUCT_NAME = "$(TARGET_NAME)";
			};
			name = Debug;
		};
		28BEB5AB2C09FE4500A22827 /* Release */ = {
			isa = XCBuildConfiguration;
			buildSettings = {
				CODE_SIGN_STYLE = Automatic;
				DEVELOPMENT_TEAM = SVGXRR5RRA;
				ENABLE_HARDENED_RUNTIME = YES;
				PRODUCT_NAME = "$(TARGET_NAME)";
			};
			name = Release;
		};
		28BEB5B52C09FEFD00A22827 /* Debug */ = {
			isa = XCBuildConfiguration;
			buildSettings = {
				CODE_SIGN_STYLE = Automatic;
				DEVELOPMENT_TEAM = SVGXRR5RRA;
				ENABLE_HARDENED_RUNTIME = YES;
				PRODUCT_NAME = "$(TARGET_NAME)";
			};
			name = Debug;
		};
		28BEB5B62C09FEFD00A22827 /* Release */ = {
			isa = XCBuildConfiguration;
			buildSettings = {
				CODE_SIGN_STYLE = Automatic;
				DEVELOPMENT_TEAM = SVGXRR5RRA;
				ENABLE_HARDENED_RUNTIME = YES;
				PRODUCT_NAME = "$(TARGET_NAME)";
			};
			name = Release;
		};
		28BEB5C02C0A082800A22827 /* Debug */ = {
			isa = XCBuildConfiguration;
			buildSettings = {
				CODE_SIGN_STYLE = Automatic;
				DEVELOPMENT_TEAM = SVGXRR5RRA;
				ENABLE_HARDENED_RUNTIME = YES;
				PRODUCT_NAME = "$(TARGET_NAME)";
			};
			name = Debug;
		};
		28BEB5C12C0A082800A22827 /* Release */ = {
			isa = XCBuildConfiguration;
			buildSettings = {
				CODE_SIGN_STYLE = Automatic;
				DEVELOPMENT_TEAM = SVGXRR5RRA;
				ENABLE_HARDENED_RUNTIME = YES;
				PRODUCT_NAME = "$(TARGET_NAME)";
			};
			name = Release;
		};
		28BEB5CB2C0A210600A22827 /* Debug */ = {
			isa = XCBuildConfiguration;
			buildSettings = {
				CODE_SIGN_STYLE = Automatic;
				DEVELOPMENT_TEAM = SVGXRR5RRA;
				ENABLE_HARDENED_RUNTIME = YES;
				PRODUCT_NAME = "$(TARGET_NAME)";
			};
			name = Debug;
		};
		28BEB5CC2C0A210600A22827 /* Release */ = {
			isa = XCBuildConfiguration;
			buildSettings = {
				CODE_SIGN_STYLE = Automatic;
				DEVELOPMENT_TEAM = SVGXRR5RRA;
				ENABLE_HARDENED_RUNTIME = YES;
				PRODUCT_NAME = "$(TARGET_NAME)";
			};
			name = Release;
		};
		28BEB5D62C0A21D800A22827 /* Debug */ = {
			isa = XCBuildConfiguration;
			buildSettings = {
				CODE_SIGN_STYLE = Automatic;
				DEVELOPMENT_TEAM = SVGXRR5RRA;
				ENABLE_HARDENED_RUNTIME = YES;
				PRODUCT_NAME = "$(TARGET_NAME)";
			};
			name = Debug;
		};
		28BEB5D72C0A21D800A22827 /* Release */ = {
			isa = XCBuildConfiguration;
			buildSettings = {
				CODE_SIGN_STYLE = Automatic;
				DEVELOPMENT_TEAM = SVGXRR5RRA;
				ENABLE_HARDENED_RUNTIME = YES;
				PRODUCT_NAME = "$(TARGET_NAME)";
			};
			name = Release;
		};
/* End XCBuildConfiguration section */

/* Begin XCConfigurationList section */
		28BEB55B2C09F64B00A22827 /* Build configuration list for PBXProject "CPP Basic" */ = {
			isa = XCConfigurationList;
			buildConfigurations = (
				28BEB5652C09F64B00A22827 /* Debug */,
				28BEB5662C09F64B00A22827 /* Release */,
			);
			defaultConfigurationIsVisible = 0;
			defaultConfigurationName = Release;
		};
		28BEB5672C09F64B00A22827 /* Build configuration list for PBXNativeTarget "CPP Basic" */ = {
			isa = XCConfigurationList;
			buildConfigurations = (
				28BEB5682C09F64B00A22827 /* Debug */,
				28BEB5692C09F64B00A22827 /* Release */,
			);
			defaultConfigurationIsVisible = 0;
			defaultConfigurationName = Release;
		};
		28BEB5722C09F65D00A22827 /* Build configuration list for PBXNativeTarget "Variables" */ = {
			isa = XCConfigurationList;
			buildConfigurations = (
				28BEB5732C09F65D00A22827 /* Debug */,
				28BEB5742C09F65D00A22827 /* Release */,
			);
			defaultConfigurationIsVisible = 0;
			defaultConfigurationName = Release;
		};
		28BEB57D2C09F70300A22827 /* Build configuration list for PBXNativeTarget "Control Structures" */ = {
			isa = XCConfigurationList;
			buildConfigurations = (
				28BEB57E2C09F70300A22827 /* Debug */,
				28BEB57F2C09F70300A22827 /* Release */,
			);
			defaultConfigurationIsVisible = 0;
			defaultConfigurationName = Release;
		};
		28BEB5882C09FA3000A22827 /* Build configuration list for PBXNativeTarget "Functions" */ = {
			isa = XCConfigurationList;
			buildConfigurations = (
				28BEB5892C09FA3000A22827 /* Debug */,
				28BEB58A2C09FA3000A22827 /* Release */,
			);
			defaultConfigurationIsVisible = 0;
			defaultConfigurationName = Release;
		};
		28BEB5932C09FB2600A22827 /* Build configuration list for PBXNativeTarget "Classes" */ = {
			isa = XCConfigurationList;
			buildConfigurations = (
				28BEB5942C09FB2600A22827 /* Debug */,
				28BEB5952C09FB2600A22827 /* Release */,
			);
			defaultConfigurationIsVisible = 0;
			defaultConfigurationName = Release;
		};
		28BEB59E2C09FD3600A22827 /* Build configuration list for PBXNativeTarget "String" */ = {
			isa = XCConfigurationList;
			buildConfigurations = (
				28BEB59F2C09FD3600A22827 /* Debug */,
				28BEB5A02C09FD3600A22827 /* Release */,
			);
			defaultConfigurationIsVisible = 0;
			defaultConfigurationName = Release;
		};
		28BEB5A92C09FE4500A22827 /* Build configuration list for PBXNativeTarget "Array" */ = {
			isa = XCConfigurationList;
			buildConfigurations = (
				28BEB5AA2C09FE4500A22827 /* Debug */,
				28BEB5AB2C09FE4500A22827 /* Release */,
			);
			defaultConfigurationIsVisible = 0;
			defaultConfigurationName = Release;
		};
		28BEB5B42C09FEFD00A22827 /* Build configuration list for PBXNativeTarget "Input" */ = {
			isa = XCConfigurationList;
			buildConfigurations = (
				28BEB5B52C09FEFD00A22827 /* Debug */,
				28BEB5B62C09FEFD00A22827 /* Release */,
			);
			defaultConfigurationIsVisible = 0;
			defaultConfigurationName = Release;
		};
		28BEB5BF2C0A082800A22827 /* Build configuration list for PBXNativeTarget "Pointer" */ = {
			isa = XCConfigurationList;
			buildConfigurations = (
				28BEB5C02C0A082800A22827 /* Debug */,
				28BEB5C12C0A082800A22827 /* Release */,
			);
			defaultConfigurationIsVisible = 0;
			defaultConfigurationName = Release;
		};
		28BEB5CA2C0A210600A22827 /* Build configuration list for PBXNativeTarget "Structures" */ = {
			isa = XCConfigurationList;
			buildConfigurations = (
				28BEB5CB2C0A210600A22827 /* Debug */,
				28BEB5CC2C0A210600A22827 /* Release */,
			);
			defaultConfigurationIsVisible = 0;
			defaultConfigurationName = Release;
		};
		28BEB5D52C0A21D800A22827 /* Build configuration list for PBXNativeTarget "Enumeration" */ = {
			isa = XCConfigurationList;
			buildConfigurations = (
				28BEB5D62C0A21D800A22827 /* Debug */,
				28BEB5D72C0A21D800A22827 /* Release */,
			);
			defaultConfigurationIsVisible = 0;
			defaultConfigurationName = Release;
		};
/* End XCConfigurationList section */
	};
	rootObject = 28BEB5582C09F64B00A22827 /* Project object */;
}
